
Microsoft Visual Studio Solution File, Format Version 12.00
# Visual Studio 15
Project("{FAE04EC0-301F-11D3-BF4B-00C04F79EFBC}") = "Assembly-CSharp", "Assembly-CSharp.csproj", "{C03FC20F-760E-2C06-7EAD-24AE8B4A1DD8}"
EndProject
Project("{FAE04EC0-301F-11D3-BF4B-00C04F79EFBC}") = "Assembly-CSharp-Editor", "Assembly-CSharp-Editor.csproj", "{CCECFCEE-7DCF-4E2A-A930-18BDE696BD67}"
EndProject
Global
	GlobalSection(SolutionConfigurationPlatforms) = preSolution
		Debug|Any CPU = Debug|Any CPU
		Release|Any CPU = Release|Any CPU
	EndGlobalSection
	GlobalSection(ProjectConfigurationPlatforms) = postSolution
		{C03FC20F-760E-2C06-7EAD-24AE8B4A1DD8}.Debug|Any CPU.ActiveCfg = Debug|Any CPU
		{C03FC20F-760E-2C06-7EAD-24AE8B4A1DD8}.Debug|Any CPU.Build.0 = Debug|Any CPU
		{C03FC20F-760E-2C06-7EAD-24AE8B4A1DD8}.Release|Any CPU.ActiveCfg = Release|Any CPU
		{C03FC20F-760E-2C06-7EAD-24AE8B4A1DD8}.Release|Any CPU.Build.0 = Release|Any CPU
		{CCECFCEE-7DCF-4E2A-A930-18BDE696BD67}.Debug|Any CPU.ActiveCfg = Debug|Any CPU
		{CCECFCEE-7DCF-4E2A-A930-18BDE696BD67}.Debug|Any CPU.Build.0 = Debug|Any CPU
		{CCECFCEE-7DCF-4E2A-A930-18BDE696BD67}.Release|Any CPU.ActiveCfg = Release|Any CPU
		{CCECFCEE-7DCF-4E2A-A930-18BDE696BD67}.Release|Any CPU.Build.0 = Release|Any CPU
	EndGlobalSection
	GlobalSection(SolutionProperties) = preSolution
		HideSolutionNode = FALSE
	EndGlobalSection
EndGlobal
